
Microsoft Visual Studio Solution File, Format Version 12.00
# Visual Studio Version 16
VisualStudioVersion = 16.0.32802.440
MinimumVisualStudioVersion = 10.0.40219.1
Project("{FAE04EC0-301F-11D3-BF4B-00C04F79EFBC}") = "pmsDesktop", "pmsDesktop.csproj", "{0C15EE35-2A30-4655-82B1-C1CBB8548B4D}"
EndProject
Global
	GlobalSection(SolutionConfigurationPlatforms) = preSolution
		Debug|Any CPU = Debug|Any CPU
		Release|Any CPU = Release|Any CPU
	EndGlobalSection
	GlobalSection(ProjectConfigurationPlatforms) = postSolution
		{0C15EE35-2A30-4655-82B1-C1CBB8548B4D}.Debug|Any CPU.ActiveCfg = Debug|Any CPU
		{0C15EE35-2A30-4655-82B1-C1CBB8548B4D}.Debug|Any CPU.Build.0 = Debug|Any CPU
		{0C15EE35-2A30-4655-82B1-C1CBB8548B4D}.Release|Any CPU.ActiveCfg = Release|Any CPU
		{0C15EE35-2A30-4655-82B1-C1CBB8548B4D}.Release|Any CPU.Build.0 = Release|Any CPU
	EndGlobalSection
	GlobalSection(SolutionProperties) = preSolution
		HideSolutionNode = FALSE
	EndGlobalSection
	GlobalSection(ExtensibilityGlobals) = postSolution
		SolutionGuid = {D82ECDE7-C3F5-4693-B4F7-9022D666E65C}
	EndGlobalSection
EndGlobal
